
Microsoft Visual Studio Solution File, Format Version 12.00
# Visual Studio Version 17
VisualStudioVersion = 17.6.33815.320
MinimumVisualStudioVersion = 10.0.40219.1
Project("{FAE04EC0-301F-11D3-BF4B-00C04F79EFBC}") = "ApiDemoFilms", "ApiDemoFilms\ApiDemoFilms.csproj", "{F413AFF6-2EEB-488E-B90B-D61986C14D2E}"
EndProject
Global
	GlobalSection(SolutionConfigurationPlatforms) = preSolution
		Debug|Any CPU = Debug|Any CPU
		Release|Any CPU = Release|Any CPU
	EndGlobalSection
	GlobalSection(ProjectConfigurationPlatforms) = postSolution
		{F413AFF6-2EEB-488E-B90B-D61986C14D2E}.Debug|Any CPU.ActiveCfg = Debug|Any CPU
		{F413AFF6-2EEB-488E-B90B-D61986C14D2E}.Debug|Any CPU.Build.0 = Debug|Any CPU
		{F413AFF6-2EEB-488E-B90B-D61986C14D2E}.Release|Any CPU.ActiveCfg = Release|Any CPU
		{F413AFF6-2EEB-488E-B90B-D61986C14D2E}.Release|Any CPU.Build.0 = Release|Any CPU
	EndGlobalSection
	GlobalSection(SolutionProperties) = preSolution
		HideSolutionNode = FALSE
	EndGlobalSection
	GlobalSection(ExtensibilityGlobals) = postSolution
		SolutionGuid = {19683386-92B9-4B2D-A522-CEDF02DBDDBF}
	EndGlobalSection
EndGlobal
